
Microsoft Visual Studio Solution File, Format Version 12.00
# Visual Studio 15
VisualStudioVersion = 15.0.28306.52
MinimumVisualStudioVersion = 10.0.40219.1
Project("{FAE04EC0-301F-11D3-BF4B-00C04F79EFBC}") = "MVCApplication", "MVCApplication\MVCApplication.csproj", "{152D2D26-8728-471E-BB6B-CC2D0F86AD88}"
EndProject
Project("{FAE04EC0-301F-11D3-BF4B-00C04F79EFBC}") = "MVCApplication.Tests", "MVCApplication.Tests\MVCApplication.Tests.csproj", "{78DA086A-7386-4832-8F77-80F1720EB4D7}"
EndProject
Global
	GlobalSection(SolutionConfigurationPlatforms) = preSolution
		Debug|Any CPU = Debug|Any CPU
		Release|Any CPU = Release|Any CPU
	EndGlobalSection
	GlobalSection(ProjectConfigurationPlatforms) = postSolution
		{152D2D26-8728-471E-BB6B-CC2D0F86AD88}.Debug|Any CPU.ActiveCfg = Debug|Any CPU
		{152D2D26-8728-471E-BB6B-CC2D0F86AD88}.Debug|Any CPU.Build.0 = Debug|Any CPU
		{152D2D26-8728-471E-BB6B-CC2D0F86AD88}.Release|Any CPU.ActiveCfg = Release|Any CPU
		{152D2D26-8728-471E-BB6B-CC2D0F86AD88}.Release|Any CPU.Build.0 = Release|Any CPU
		{78DA086A-7386-4832-8F77-80F1720EB4D7}.Debug|Any CPU.ActiveCfg = Debug|Any CPU
		{78DA086A-7386-4832-8F77-80F1720EB4D7}.Debug|Any CPU.Build.0 = Debug|Any CPU
		{78DA086A-7386-4832-8F77-80F1720EB4D7}.Release|Any CPU.ActiveCfg = Release|Any CPU
		{78DA086A-7386-4832-8F77-80F1720EB4D7}.Release|Any CPU.Build.0 = Release|Any CPU
	EndGlobalSection
	GlobalSection(SolutionProperties) = preSolution
		HideSolutionNode = FALSE
	EndGlobalSection
	GlobalSection(ExtensibilityGlobals) = postSolution
		SolutionGuid = {01F5906B-B212-4B54-8CBD-30479FD4A7ED}
	EndGlobalSection
EndGlobal
